
Microsoft Visual Studio Solution File, Format Version 12.00
# Visual Studio 15
VisualStudioVersion = 15.0.28010.2050
MinimumVisualStudioVersion = 10.0.40219.1
Project("{8BC9CEB8-8B4A-11D0-8D11-00A0C91BC942}") = "Lab3_task3", "Lab3_task3\Lab3_task3.vcxproj", "{36070AD4-E6B0-46E9-B5AA-6D2591771051}"
EndProject
Global
	GlobalSection(SolutionConfigurationPlatforms) = preSolution
		Debug|x64 = Debug|x64
		Debug|x86 = Debug|x86
		Release|x64 = Release|x64
		Release|x86 = Release|x86
	EndGlobalSection
	GlobalSection(ProjectConfigurationPlatforms) = postSolution
		{36070AD4-E6B0-46E9-B5AA-6D2591771051}.Debug|x64.ActiveCfg = Debug|x64
		{36070AD4-E6B0-46E9-B5AA-6D2591771051}.Debug|x64.Build.0 = Debug|x64
		{36070AD4-E6B0-46E9-B5AA-6D2591771051}.Debug|x86.ActiveCfg = Debug|x64
		{36070AD4-E6B0-46E9-B5AA-6D2591771051}.Debug|x86.Build.0 = Debug|x64
		{36070AD4-E6B0-46E9-B5AA-6D2591771051}.Release|x64.ActiveCfg = Release|x64
		{36070AD4-E6B0-46E9-B5AA-6D2591771051}.Release|x64.Build.0 = Release|x64
		{36070AD4-E6B0-46E9-B5AA-6D2591771051}.Release|x86.ActiveCfg = Release|Win32
		{36070AD4-E6B0-46E9-B5AA-6D2591771051}.Release|x86.Build.0 = Release|Win32
	EndGlobalSection
	GlobalSection(SolutionProperties) = preSolution
		HideSolutionNode = FALSE
	EndGlobalSection
	GlobalSection(ExtensibilityGlobals) = postSolution
		SolutionGuid = {13958B93-59D2-4B32-9211-BEBADBBD92BD}
	EndGlobalSection
EndGlobal
